
Microsoft Visual Studio Solution File, Format Version 12.00
# Visual Studio Version 17
VisualStudioVersion = 17.3.32825.248
MinimumVisualStudioVersion = 10.0.40219.1
Project("{FAE04EC0-301F-11D3-BF4B-00C04F79EFBC}") = "Ristinolla Harjoitustyo", "Ristinolla Harjoitustyo\Ristinolla Harjoitustyo.csproj", "{910C75AF-14D0-4BAF-AA5E-16E9C5E240FE}"
EndProject
Global
	GlobalSection(SolutionConfigurationPlatforms) = preSolution
		Debug|Any CPU = Debug|Any CPU
		Release|Any CPU = Release|Any CPU
	EndGlobalSection
	GlobalSection(ProjectConfigurationPlatforms) = postSolution
		{910C75AF-14D0-4BAF-AA5E-16E9C5E240FE}.Debug|Any CPU.ActiveCfg = Debug|Any CPU
		{910C75AF-14D0-4BAF-AA5E-16E9C5E240FE}.Debug|Any CPU.Build.0 = Debug|Any CPU
		{910C75AF-14D0-4BAF-AA5E-16E9C5E240FE}.Release|Any CPU.ActiveCfg = Release|Any CPU
		{910C75AF-14D0-4BAF-AA5E-16E9C5E240FE}.Release|Any CPU.Build.0 = Release|Any CPU
	EndGlobalSection
	GlobalSection(SolutionProperties) = preSolution
		HideSolutionNode = FALSE
	EndGlobalSection
	GlobalSection(ExtensibilityGlobals) = postSolution
		SolutionGuid = {26DE3C0B-236C-4BDC-BFC5-FBCF82BB20DB}
	EndGlobalSection
EndGlobal
